
Microsoft Visual Studio Solution File, Format Version 11.00
# Visual Studio 2010
Project("{FAE04EC0-301F-11D3-BF4B-00C04F79EFBC}") = "AshesToAshes", "Assembly-CSharp.csproj", "{9EB1C7EC-FF72-246F-51D3-21AA0E7969FB}"
EndProject
Project("{FAE04EC0-301F-11D3-BF4B-00C04F79EFBC}") = "AshesToAshes", "Assembly-CSharp-Editor.csproj", "{D4134307-C917-8965-344B-7B9E23D7B6CB}"
EndProject
Global
	GlobalSection(SolutionConfigurationPlatforms) = preSolution
		Debug|Any CPU = Debug|Any CPU
		Release|Any CPU = Release|Any CPU
	EndGlobalSection
	GlobalSection(ProjectConfigurationPlatforms) = postSolution
		{9EB1C7EC-FF72-246F-51D3-21AA0E7969FB}.Debug|Any CPU.ActiveCfg = Debug|Any CPU
		{9EB1C7EC-FF72-246F-51D3-21AA0E7969FB}.Debug|Any CPU.Build.0 = Debug|Any CPU
		{9EB1C7EC-FF72-246F-51D3-21AA0E7969FB}.Release|Any CPU.ActiveCfg = Release|Any CPU
		{9EB1C7EC-FF72-246F-51D3-21AA0E7969FB}.Release|Any CPU.Build.0 = Release|Any CPU
		{D4134307-C917-8965-344B-7B9E23D7B6CB}.Debug|Any CPU.ActiveCfg = Debug|Any CPU
		{D4134307-C917-8965-344B-7B9E23D7B6CB}.Debug|Any CPU.Build.0 = Debug|Any CPU
		{D4134307-C917-8965-344B-7B9E23D7B6CB}.Release|Any CPU.ActiveCfg = Release|Any CPU
		{D4134307-C917-8965-344B-7B9E23D7B6CB}.Release|Any CPU.Build.0 = Release|Any CPU
	EndGlobalSection
	GlobalSection(SolutionProperties) = preSolution
		HideSolutionNode = FALSE
	EndGlobalSection
	GlobalSection(MonoDevelopProperties) = preSolution
		StartupItem = Assembly-CSharp.csproj
	EndGlobalSection
EndGlobal
